
Microsoft Visual Studio Solution File, Format Version 10.00
# Visual Studio 2008
Project("{8BC9CEB8-8B4A-11D0-8D11-00A0C91BC942}") = "chat-sys-client", "chat-sys-client.vcproj", "{C46465A5-F19C-40A0-BAA2-D84C1F30AE0F}"
EndProject
Global
	GlobalSection(SolutionConfigurationPlatforms) = preSolution
		Debug|Win32 = Debug|Win32
		Release|Win32 = Release|Win32
	EndGlobalSection
	GlobalSection(ProjectConfigurationPlatforms) = postSolution
		{C46465A5-F19C-40A0-BAA2-D84C1F30AE0F}.Debug|Win32.ActiveCfg = Debug|Win32
		{C46465A5-F19C-40A0-BAA2-D84C1F30AE0F}.Debug|Win32.Build.0 = Debug|Win32
		{C46465A5-F19C-40A0-BAA2-D84C1F30AE0F}.Release|Win32.ActiveCfg = Release|Win32
		{C46465A5-F19C-40A0-BAA2-D84C1F30AE0F}.Release|Win32.Build.0 = Release|Win32
	EndGlobalSection
	GlobalSection(SolutionProperties) = preSolution
		HideSolutionNode = FALSE
	EndGlobalSection
EndGlobal
